
Microsoft Visual Studio Solution File, Format Version 12.00
# Visual Studio Version 16
VisualStudioVersion = 16.0.30711.63
MinimumVisualStudioVersion = 10.0.40219.1
Project("{9A19103F-16F7-4668-BE54-9A1E7A4F7556}") = "AutomaticStockTrader", "Stonks2\AutomaticStockTrader.csproj", "{C15A3368-F71E-4A65-9762-64ACD7AA97D4}"
EndProject
Project("{9A19103F-16F7-4668-BE54-9A1E7A4F7556}") = "Microsoft.Azure.CognitiveServices.Search.BingNewsSearch", "Search.BingNewsSearch\Microsoft.Azure.CognitiveServices.Search.BingNewsSearch.csproj", "{751124EE-0319-4E81-AD81-504CE90B628C}"
EndProject
Project("{9A19103F-16F7-4668-BE54-9A1E7A4F7556}") = "Stonks2.Tests", "Stonks2.Tests\Stonks2.Tests.csproj", "{8B5A55CF-DBEA-4EEC-9CD4-2E5C45824AFA}"
EndProject
Project("{2150E333-8FDC-42A3-9474-1A3956D46DE8}") = "Solution Items", "Solution Items", "{90C1458D-7163-45F9-89C0-143DE5F6908F}"
	ProjectSection(SolutionItems) = preProject
		README.md = README.md
	EndProjectSection
EndProject
Project("{FAE04EC0-301F-11D3-BF4B-00C04F79EFBC}") = "AutomaticStockTrader.Repository", "Stonks2.Repository\AutomaticStockTrader.Repository.csproj", "{DE63B726-54FA-4819-9B66-4AF46B24B0FA}"
EndProject
Global
	GlobalSection(SolutionConfigurationPlatforms) = preSolution
		Debug|Any CPU = Debug|Any CPU
		Release|Any CPU = Release|Any CPU
	EndGlobalSection
	GlobalSection(ProjectConfigurationPlatforms) = postSolution
		{C15A3368-F71E-4A65-9762-64ACD7AA97D4}.Debug|Any CPU.ActiveCfg = Debug|Any CPU
		{C15A3368-F71E-4A65-9762-64ACD7AA97D4}.Debug|Any CPU.Build.0 = Debug|Any CPU
		{C15A3368-F71E-4A65-9762-64ACD7AA97D4}.Release|Any CPU.ActiveCfg = Release|Any CPU
		{C15A3368-F71E-4A65-9762-64ACD7AA97D4}.Release|Any CPU.Build.0 = Release|Any CPU
		{751124EE-0319-4E81-AD81-504CE90B628C}.Debug|Any CPU.ActiveCfg = Debug|Any CPU
		{751124EE-0319-4E81-AD81-504CE90B628C}.Debug|Any CPU.Build.0 = Debug|Any CPU
		{751124EE-0319-4E81-AD81-504CE90B628C}.Release|Any CPU.ActiveCfg = Release|Any CPU
		{751124EE-0319-4E81-AD81-504CE90B628C}.Release|Any CPU.Build.0 = Release|Any CPU
		{8B5A55CF-DBEA-4EEC-9CD4-2E5C45824AFA}.Debug|Any CPU.ActiveCfg = Debug|Any CPU
		{8B5A55CF-DBEA-4EEC-9CD4-2E5C45824AFA}.Debug|Any CPU.Build.0 = Debug|Any CPU
		{8B5A55CF-DBEA-4EEC-9CD4-2E5C45824AFA}.Release|Any CPU.ActiveCfg = Release|Any CPU
		{8B5A55CF-DBEA-4EEC-9CD4-2E5C45824AFA}.Release|Any CPU.Build.0 = Release|Any CPU
		{DE63B726-54FA-4819-9B66-4AF46B24B0FA}.Debug|Any CPU.ActiveCfg = Debug|Any CPU
		{DE63B726-54FA-4819-9B66-4AF46B24B0FA}.Debug|Any CPU.Build.0 = Debug|Any CPU
		{DE63B726-54FA-4819-9B66-4AF46B24B0FA}.Release|Any CPU.ActiveCfg = Release|Any CPU
		{DE63B726-54FA-4819-9B66-4AF46B24B0FA}.Release|Any CPU.Build.0 = Release|Any CPU
	EndGlobalSection
	GlobalSection(SolutionProperties) = preSolution
		HideSolutionNode = FALSE
	EndGlobalSection
	GlobalSection(ExtensibilityGlobals) = postSolution
		SolutionGuid = {674F0116-973B-450C-95A6-772C56943580}
	EndGlobalSection
EndGlobal
