
Microsoft Visual Studio Solution File, Format Version 12.00
# Visual Studio Version 16
VisualStudioVersion = 16.0.30711.63
MinimumVisualStudioVersion = 10.0.40219.1
Project("{FAE04EC0-301F-11D3-BF4B-00C04F79EFBC}") = "Stonks2", "Stonks2\Stonks2.csproj", "{C15A3368-F71E-4A65-9762-64ACD7AA97D4}"
EndProject
Global
	GlobalSection(SolutionConfigurationPlatforms) = preSolution
		Debug|Any CPU = Debug|Any CPU
		Release|Any CPU = Release|Any CPU
	EndGlobalSection
	GlobalSection(ProjectConfigurationPlatforms) = postSolution
		{C15A3368-F71E-4A65-9762-64ACD7AA97D4}.Debug|Any CPU.ActiveCfg = Debug|Any CPU
		{C15A3368-F71E-4A65-9762-64ACD7AA97D4}.Debug|Any CPU.Build.0 = Debug|Any CPU
		{C15A3368-F71E-4A65-9762-64ACD7AA97D4}.Release|Any CPU.ActiveCfg = Release|Any CPU
		{C15A3368-F71E-4A65-9762-64ACD7AA97D4}.Release|Any CPU.Build.0 = Release|Any CPU
	EndGlobalSection
	GlobalSection(SolutionProperties) = preSolution
		HideSolutionNode = FALSE
	EndGlobalSection
	GlobalSection(ExtensibilityGlobals) = postSolution
		SolutionGuid = {674F0116-973B-450C-95A6-772C56943580}
	EndGlobalSection
EndGlobal
